{
  "name": "npm-ws-versions",
  "version": "1.0.0",
  "lockfileVersion": 3,
  "requires": true,
  "packages": {
    "": {
      "name": "npm-ws-versions",
      "version": "1.0.0",
      "license": "SEE LICENSE IN LICENSE",
      "workspaces": [
        "packages/pkg-a",
        "packages/pkg-b"
      ]
    },
    "node_modules/@meister/pkg-a": {
      "resolved": "packages/pkg-a",
      "link": true
    },
    "node_modules/@meister/pkg-b": {
      "resolved": "packages/pkg-b",
      "link": true
    },
    "packages/pkg-a": {
      "name": "@meister/pkg-a",
      "version": "1.0.0",
      "license": "SEE LICENSE IN LICENSE",
      "dependencies": {
        "@meister/pkg-a": "^1.0.0"
      }
    },
    "packages/pkg-b": {
      "name": "@meister/pkg-b",
      "version": "1.0.0",
      "license": "SEE LICENSE IN LICENSE",
      "devDependencies": {}
    }
  }
}